
Microsoft Visual Studio Solution File, Format Version 12.00
# Visual Studio 15
Project("{FAE04EC0-301F-11D3-BF4B-00C04F79EFBC}") = "Assembly-CSharp", "Assembly-CSharp.csproj", "{A55FECAE-3B64-7321-D635-F782C11DAF8D}"
EndProject
Global
	GlobalSection(SolutionConfigurationPlatforms) = preSolution
		Debug|Any CPU = Debug|Any CPU
		Release|Any CPU = Release|Any CPU
	EndGlobalSection
	GlobalSection(ProjectConfigurationPlatforms) = postSolution
		{A55FECAE-3B64-7321-D635-F782C11DAF8D}.Debug|Any CPU.ActiveCfg = Debug|Any CPU
		{A55FECAE-3B64-7321-D635-F782C11DAF8D}.Debug|Any CPU.Build.0 = Debug|Any CPU
		{A55FECAE-3B64-7321-D635-F782C11DAF8D}.Release|Any CPU.ActiveCfg = Release|Any CPU
		{A55FECAE-3B64-7321-D635-F782C11DAF8D}.Release|Any CPU.Build.0 = Release|Any CPU
	EndGlobalSection
	GlobalSection(SolutionProperties) = preSolution
		HideSolutionNode = FALSE
	EndGlobalSection
EndGlobal
